
Microsoft Visual Studio Solution File, Format Version 12.00
# Visual Studio Version 17
VisualStudioVersion = 17.4.33205.214
MinimumVisualStudioVersion = 10.0.40219.1
Project("{FAE04EC0-301F-11D3-BF4B-00C04F79EFBC}") = "dawm-api", "dawm-api\dawm-api.csproj", "{733B4DB9-5A4B-4AC8-B4F4-2BF3D59BBA4B}"
EndProject
Global
	GlobalSection(SolutionConfigurationPlatforms) = preSolution
		Debug|Any CPU = Debug|Any CPU
		Release|Any CPU = Release|Any CPU
	EndGlobalSection
	GlobalSection(ProjectConfigurationPlatforms) = postSolution
		{733B4DB9-5A4B-4AC8-B4F4-2BF3D59BBA4B}.Debug|Any CPU.ActiveCfg = Debug|Any CPU
		{733B4DB9-5A4B-4AC8-B4F4-2BF3D59BBA4B}.Debug|Any CPU.Build.0 = Debug|Any CPU
		{733B4DB9-5A4B-4AC8-B4F4-2BF3D59BBA4B}.Release|Any CPU.ActiveCfg = Release|Any CPU
		{733B4DB9-5A4B-4AC8-B4F4-2BF3D59BBA4B}.Release|Any CPU.Build.0 = Release|Any CPU
	EndGlobalSection
	GlobalSection(SolutionProperties) = preSolution
		HideSolutionNode = FALSE
	EndGlobalSection
	GlobalSection(ExtensibilityGlobals) = postSolution
		SolutionGuid = {2298C9FC-D151-43DA-86F1-018AF2764552}
	EndGlobalSection
EndGlobal
